github.com/timoteoBone/goGithubTry v0.0.0-20211213185758-be547b035869 h1:txpTNCdu2L6sYnbOTBZa0F81bBl0oMTVjoaygGZmtIw=
github.com/timoteoBone/goGithubTry v0.0.0-20211213185758-be547b035869/go.mod h1:uKN+075qlZHn6raQjTBYmq7Q+gNZ/AylOcOqrvAwRA0=
github.com/timoteoBone/goGithubTry v0.0.0-20211213193236-13593db9e1a2 h1:/XBKdFdimXB6cJQSSOX45MArjt+fbeG3L8GxwfpWZ4w=
github.com/timoteoBone/goGithubTry v0.0.0-20211213193236-13593db9e1a2/go.mod h1:uKN+075qlZHn6raQjTBYmq7Q+gNZ/AylOcOqrvAwRA0=
